// !$*UTF8*$!
{
	archiveVersion = 1;
	classes = {
	};
	objectVersion = 56;
	objects = {

/* Begin PBXBuildFile section */
		2D00FAFB2BDF6ABB00A7BB7E /* AlertView.swift in Sources */ = {isa = PBXBuildFile; fileRef = 2D00FAFA2BDF6ABB00A7BB7E /* AlertView.swift */; };
		2D0E83022BB6C39A0076B2CC /* Pranayama_and_meditationApp.swift in Sources */ = {isa = PBXBuildFile; fileRef = 2D0E83012BB6C39A0076B2CC /* Pranayama_and_meditationApp.swift */; };
		2D0E83042BB6C39A0076B2CC /* ContentView.swift in Sources */ = {isa = PBXBuildFile; fileRef = 2D0E83032BB6C39A0076B2CC /* ContentView.swift */; };
		2D0E83062BB6C39C0076B2CC /* Assets.xcassets in Resources */ = {isa = PBXBuildFile; fileRef = 2D0E83052BB6C39C0076B2CC /* Assets.xcassets */; };
		2D0E83092BB6C39C0076B2CC /* Preview Assets.xcassets in Resources */ = {isa = PBXBuildFile; fileRef = 2D0E83082BB6C39C0076B2CC /* Preview Assets.xcassets */; };
		2D0E83122BB6FDF00076B2CC /* TabModel.swift in Sources */ = {isa = PBXBuildFile; fileRef = 2D0E83112BB6FDF00076B2CC /* TabModel.swift */; };
		2D0E83142BB6FF440076B2CC /* TabBarView.swift in Sources */ = {isa = PBXBuildFile; fileRef = 2D0E83132BB6FF440076B2CC /* TabBarView.swift */; };
		2D3CFDD52C12FA5A006C2E38 /* SvoiRitm.swift in Sources */ = {isa = PBXBuildFile; fileRef = 2D3CFDD42C12FA5A006C2E38 /* SvoiRitm.swift */; };
		2D3CFDD92C12FA5A006C2E38 /* VimHofView.swift in Sources */ = {isa = PBXBuildFile; fileRef = 2D3CFDD82C12FA5A006C2E38 /* VimHofView.swift */; };
		2D3CFDDB2C12FA5A006C2E38 /* History.swift in Sources */ = {isa = PBXBuildFile; fileRef = 2D3CFDDA2C12FA5A006C2E38 /* History.swift */; };
		2D3CFDDD2C12FA5A006C2E38 /* YogaNidra.swift in Sources */ = {isa = PBXBuildFile; fileRef = 2D3CFDDC2C12FA5A006C2E38 /* YogaNidra.swift */; };
		2D3DB3582C14443900D6D6A0 /* HomeVeiw.swift in Sources */ = {isa = PBXBuildFile; fileRef = 2D3DB3572C14443900D6D6A0 /* HomeVeiw.swift */; };
		2D76C97B2BCE51B700B51962 /* ProgressBarButtonView.swift in Sources */ = {isa = PBXBuildFile; fileRef = 2D76C97A2BCE51B700B51962 /* ProgressBarButtonView.swift */; };
		2D76C9832BD2A69000B51962 /* BreathAnimation.swift in Sources */ = {isa = PBXBuildFile; fileRef = 2D76C9822BD2A69000B51962 /* BreathAnimation.swift */; };
		2D81CBE82BC2A05000471763 /* SwiftUIWheelPicker.swift in Sources */ = {isa = PBXBuildFile; fileRef = 2D81CBE72BC2A05000471763 /* SwiftUIWheelPicker.swift */; };
		2D81CBEA2BC2ADB300471763 /* BreathingCycleSettingView.swift in Sources */ = {isa = PBXBuildFile; fileRef = 2D81CBE92BC2ADB300471763 /* BreathingCycleSettingView.swift */; };
		2D81CBEC2BC582BE00471763 /* TabloPusk.swift in Sources */ = {isa = PBXBuildFile; fileRef = 2D81CBEB2BC582BE00471763 /* TabloPusk.swift */; };
		2D81CBF02BC6D53400471763 /* WheelPickerView.swift in Sources */ = {isa = PBXBuildFile; fileRef = 2D81CBEF2BC6D53400471763 /* WheelPickerView.swift */; };
		2D81CBF82BC8FC8500471763 /* IndicatorButtonView.swift in Sources */ = {isa = PBXBuildFile; fileRef = 2D81CBF72BC8FC8500471763 /* IndicatorButtonView.swift */; };
		2D81CBFA2BC979F300471763 /* Extension.swift in Sources */ = {isa = PBXBuildFile; fileRef = 2D81CBF92BC979F300471763 /* Extension.swift */; };
		2D9AAC1B2BE946A0005C1989 /* NastroikiVimHof.swift in Sources */ = {isa = PBXBuildFile; fileRef = 2D9AAC1A2BE946A0005C1989 /* NastroikiVimHof.swift */; };
		2D9AAC232BEA9459005C1989 /* breathing_1_sec (1).mp3 in Resources */ = {isa = PBXBuildFile; fileRef = 2D9AAC1F2BEA9459005C1989 /* breathing_1_sec (1).mp3 */; };
		2DBD07372BFE01E20071A950 /* breathing-3sec.mp3 in Resources */ = {isa = PBXBuildFile; fileRef = 2DBD07362BFE01E20071A950 /* breathing-3sec.mp3 */; };
		2DBD07392BFE03BE0071A950 /* breathing-5sec.mp3 in Resources */ = {isa = PBXBuildFile; fileRef = 2DBD07382BFE03BE0071A950 /* breathing-5sec.mp3 */; };
		2DBD073B2BFE04BC0071A950 /* breathing-2sec.mp3 in Resources */ = {isa = PBXBuildFile; fileRef = 2DBD073A2BFE04BC0071A950 /* breathing-2sec.mp3 */; };
		2DD47F3B2BD4F39700825EFE /* GlobalBreathSettings.swift in Sources */ = {isa = PBXBuildFile; fileRef = 2DD47F3A2BD4F39700825EFE /* GlobalBreathSettings.swift */; };
		2DD47F3D2BD4F3FD00825EFE /* Petals.swift in Sources */ = {isa = PBXBuildFile; fileRef = 2DD47F3C2BD4F3FD00825EFE /* Petals.swift */; };
		2DD47F4A2BD8CDE200825EFE /* exhale.mp3 in Resources */ = {isa = PBXBuildFile; fileRef = 2DD47F492BD8CDE200825EFE /* exhale.mp3 */; };
		2DD47F4C2BD8CDEA00825EFE /* hold.mp3 in Resources */ = {isa = PBXBuildFile; fileRef = 2DD47F4B2BD8CDEA00825EFE /* hold.mp3 */; };
		2DD47F4E2BD8CDF900825EFE /* inhale.mp3 in Resources */ = {isa = PBXBuildFile; fileRef = 2DD47F4D2BD8CDF900825EFE /* inhale.mp3 */; };
		2DD47F5E2BD91ACD00825EFE /* tick_metronome_high.mp3 in Resources */ = {isa = PBXBuildFile; fileRef = 2DD47F5D2BD91ACD00825EFE /* tick_metronome_high.mp3 */; };
		2DD47F602BD91B0C00825EFE /* tick_metronome_low.mp3 in Resources */ = {isa = PBXBuildFile; fileRef = 2DD47F5F2BD91B0C00825EFE /* tick_metronome_low.mp3 */; };
		2DD47F622BD91D6E00825EFE /* MetronomePlayer.swift in Sources */ = {isa = PBXBuildFile; fileRef = 2DD47F612BD91D6E00825EFE /* MetronomePlayer.swift */; };
		2DD47F642BD938EF00825EFE /* BreathAnimationView.swift in Sources */ = {isa = PBXBuildFile; fileRef = 2DD47F632BD938EF00825EFE /* BreathAnimationView.swift */; };
		2DF181822BE3D50B0004E929 /* BreathVimHof.swift in Sources */ = {isa = PBXBuildFile; fileRef = 2DF181812BE3D50B0004E929 /* BreathVimHof.swift */; };
		2DF181842BE4B9A30004E929 /* breathing-4sec.mp3 in Resources */ = {isa = PBXBuildFile; fileRef = 2DF181832BE4B9A30004E929 /* breathing-4sec.mp3 */; };
		2DF181862BE51CE20004E929 /* AlertViewVimHof.swift in Sources */ = {isa = PBXBuildFile; fileRef = 2DF181852BE51CE20004E929 /* AlertViewVimHof.swift */; };
/* End PBXBuildFile section */

/* Begin PBXFileReference section */
		2D00FAFA2BDF6ABB00A7BB7E /* AlertView.swift */ = {isa = PBXFileReference; lastKnownFileType = sourcecode.swift; path = AlertView.swift; sourceTree = "<group>"; };
		2D0E82FE2BB6C39A0076B2CC /* Pranayama and meditation.app */ = {isa = PBXFileReference; explicitFileType = wrapper.application; includeInIndex = 0; path = "Pranayama and meditation.app"; sourceTree = BUILT_PRODUCTS_DIR; };
		2D0E83012BB6C39A0076B2CC /* Pranayama_and_meditationApp.swift */ = {isa = PBXFileReference; lastKnownFileType = sourcecode.swift; path = Pranayama_and_meditationApp.swift; sourceTree = "<group>"; };
		2D0E83032BB6C39A0076B2CC /* ContentView.swift */ = {isa = PBXFileReference; lastKnownFileType = sourcecode.swift; path = ContentView.swift; sourceTree = "<group>"; };
		2D0E83052BB6C39C0076B2CC /* Assets.xcassets */ = {isa = PBXFileReference; lastKnownFileType = folder.assetcatalog; path = Assets.xcassets; sourceTree = "<group>"; };
		2D0E83082BB6C39C0076B2CC /* Preview Assets.xcassets */ = {isa = PBXFileReference; lastKnownFileType = folder.assetcatalog; path = "Preview Assets.xcassets"; sourceTree = "<group>"; };
		2D0E83112BB6FDF00076B2CC /* TabModel.swift */ = {isa = PBXFileReference; lastKnownFileType = sourcecode.swift; path = TabModel.swift; sourceTree = "<group>"; };
		2D0E83132BB6FF440076B2CC /* TabBarView.swift */ = {isa = PBXFileReference; lastKnownFileType = sourcecode.swift; path = TabBarView.swift; sourceTree = "<group>"; };
		2D3CFDD42C12FA5A006C2E38 /* SvoiRitm.swift */ = {isa = PBXFileReference; lastKnownFileType = sourcecode.swift; path = SvoiRitm.swift; sourceTree = "<group>"; };
		2D3CFDD82C12FA5A006C2E38 /* VimHofView.swift */ = {isa = PBXFileReference; lastKnownFileType = sourcecode.swift; path = VimHofView.swift; sourceTree = "<group>"; };
		2D3CFDDA2C12FA5A006C2E38 /* History.swift */ = {isa = PBXFileReference; lastKnownFileType = sourcecode.swift; path = History.swift; sourceTree = "<group>"; };
		2D3CFDDC2C12FA5A006C2E38 /* YogaNidra.swift */ = {isa = PBXFileReference; lastKnownFileType = sourcecode.swift; path = YogaNidra.swift; sourceTree = "<group>"; };
		2D3DB3572C14443900D6D6A0 /* HomeVeiw.swift */ = {isa = PBXFileReference; lastKnownFileType = sourcecode.swift; path = HomeVeiw.swift; sourceTree = "<group>"; };
		2D76C97A2BCE51B700B51962 /* ProgressBarButtonView.swift */ = {isa = PBXFileReference; lastKnownFileType = sourcecode.swift; path = ProgressBarButtonView.swift; sourceTree = "<group>"; };
		2D76C9822BD2A69000B51962 /* BreathAnimation.swift */ = {isa = PBXFileReference; lastKnownFileType = sourcecode.swift; path = BreathAnimation.swift; sourceTree = "<group>"; };
		2D81CBE72BC2A05000471763 /* SwiftUIWheelPicker.swift */ = {isa = PBXFileReference; lastKnownFileType = sourcecode.swift; path = SwiftUIWheelPicker.swift; sourceTree = "<group>"; };
		2D81CBE92BC2ADB300471763 /* BreathingCycleSettingView.swift */ = {isa = PBXFileReference; lastKnownFileType = sourcecode.swift; path = BreathingCycleSettingView.swift; sourceTree = "<group>"; };
		2D81CBEB2BC582BE00471763 /* TabloPusk.swift */ = {isa = PBXFileReference; lastKnownFileType = sourcecode.swift; path = TabloPusk.swift; sourceTree = "<group>"; };
		2D81CBEF2BC6D53400471763 /* WheelPickerView.swift */ = {isa = PBXFileReference; lastKnownFileType = sourcecode.swift; path = WheelPickerView.swift; sourceTree = "<group>"; };
		2D81CBF72BC8FC8500471763 /* IndicatorButtonView.swift */ = {isa = PBXFileReference; lastKnownFileType = sourcecode.swift; path = IndicatorButtonView.swift; sourceTree = "<group>"; };
		2D81CBF92BC979F300471763 /* Extension.swift */ = {isa = PBXFileReference; lastKnownFileType = sourcecode.swift; path = Extension.swift; sourceTree = "<group>"; };
		2D9AAC1A2BE946A0005C1989 /* NastroikiVimHof.swift */ = {isa = PBXFileReference; lastKnownFileType = sourcecode.swift; path = NastroikiVimHof.swift; sourceTree = "<group>"; };
		2D9AAC1F2BEA9459005C1989 /* breathing_1_sec (1).mp3 */ = {isa = PBXFileReference; lastKnownFileType = audio.mp3; path = "breathing_1_sec (1).mp3"; sourceTree = "<group>"; };
		2DBD07362BFE01E20071A950 /* breathing-3sec.mp3 */ = {isa = PBXFileReference; lastKnownFileType = audio.mp3; path = "breathing-3sec.mp3"; sourceTree = "<group>"; };
		2DBD07382BFE03BE0071A950 /* breathing-5sec.mp3 */ = {isa = PBXFileReference; lastKnownFileType = audio.mp3; path = "breathing-5sec.mp3"; sourceTree = "<group>"; };
		2DBD073A2BFE04BC0071A950 /* breathing-2sec.mp3 */ = {isa = PBXFileReference; lastKnownFileType = audio.mp3; path = "breathing-2sec.mp3"; sourceTree = "<group>"; };
		2DD47F3A2BD4F39700825EFE /* GlobalBreathSettings.swift */ = {isa = PBXFileReference; lastKnownFileType = sourcecode.swift; path = GlobalBreathSettings.swift; sourceTree = "<group>"; };
		2DD47F3C2BD4F3FD00825EFE /* Petals.swift */ = {isa = PBXFileReference; lastKnownFileType = sourcecode.swift; path = Petals.swift; sourceTree = "<group>"; };
		2DD47F492BD8CDE200825EFE /* exhale.mp3 */ = {isa = PBXFileReference; lastKnownFileType = audio.mp3; path = exhale.mp3; sourceTree = "<group>"; };
		2DD47F4B2BD8CDEA00825EFE /* hold.mp3 */ = {isa = PBXFileReference; lastKnownFileType = audio.mp3; path = hold.mp3; sourceTree = "<group>"; };
		2DD47F4D2BD8CDF900825EFE /* inhale.mp3 */ = {isa = PBXFileReference; lastKnownFileType = audio.mp3; path = inhale.mp3; sourceTree = "<group>"; };
		2DD47F5D2BD91ACD00825EFE /* tick_metronome_high.mp3 */ = {isa = PBXFileReference; lastKnownFileType = audio.mp3; path = tick_metronome_high.mp3; sourceTree = "<group>"; };
		2DD47F5F2BD91B0C00825EFE /* tick_metronome_low.mp3 */ = {isa = PBXFileReference; lastKnownFileType = audio.mp3; path = tick_metronome_low.mp3; sourceTree = "<group>"; };
		2DD47F612BD91D6E00825EFE /* MetronomePlayer.swift */ = {isa = PBXFileReference; lastKnownFileType = sourcecode.swift; path = MetronomePlayer.swift; sourceTree = "<group>"; };
		2DD47F632BD938EF00825EFE /* BreathAnimationView.swift */ = {isa = PBXFileReference; lastKnownFileType = sourcecode.swift; path = BreathAnimationView.swift; sourceTree = "<group>"; };
		2DF181812BE3D50B0004E929 /* BreathVimHof.swift */ = {isa = PBXFileReference; lastKnownFileType = sourcecode.swift; path = BreathVimHof.swift; sourceTree = "<group>"; };
		2DF181832BE4B9A30004E929 /* breathing-4sec.mp3 */ = {isa = PBXFileReference; lastKnownFileType = audio.mp3; path = "breathing-4sec.mp3"; sourceTree = "<group>"; };
		2DF181852BE51CE20004E929 /* AlertViewVimHof.swift */ = {isa = PBXFileReference; lastKnownFileType = sourcecode.swift; path = AlertViewVimHof.swift; sourceTree = "<group>"; };
/* End PBXFileReference section */

/* Begin PBXFrameworksBuildPhase section */
		2D0E82FB2BB6C39A0076B2CC /* Frameworks */ = {
			isa = PBXFrameworksBuildPhase;
			buildActionMask = 2147483647;
			files = (
			);
			runOnlyForDeploymentPostprocessing = 0;
		};
/* End PBXFrameworksBuildPhase section */

/* Begin PBXGroup section */
		2D0E82F52BB6C39A0076B2CC = {
			isa = PBXGroup;
			children = (
				2D0E83002BB6C39A0076B2CC /* Pranayama and meditation */,
				2D0E82FF2BB6C39A0076B2CC /* Products */,
			);
			sourceTree = "<group>";
		};
		2D0E82FF2BB6C39A0076B2CC /* Products */ = {
			isa = PBXGroup;
			children = (
				2D0E82FE2BB6C39A0076B2CC /* Pranayama and meditation.app */,
			);
			name = Products;
			sourceTree = "<group>";
		};
		2D0E83002BB6C39A0076B2CC /* Pranayama and meditation */ = {
			isa = PBXGroup;
			children = (
				2D0E83012BB6C39A0076B2CC /* Pranayama_and_meditationApp.swift */,
				2D3CFDD72C12FA5A006C2E38 /* CvetokGlobalnieNastroiki */,
				2D3CFDD62C12FA5A006C2E38 /* VimHoff */,
				2D3CFDD02C120AB9006C2E38 /* SvoiRitm */,
				2DD47F462BD8CD9800825EFE /* Audio */,
				2D81CBF42BC8218000471763 /* View */,
				2D81CBF12BC820CC00471763 /* TabBar */,
				2D81CBF32BC8213700471763 /* Picker */,
				2D3CFDD12C120B14006C2E38 /* Plaier */,
				2D81CBF92BC979F300471763 /* Extension.swift */,
				2D0E83052BB6C39C0076B2CC /* Assets.xcassets */,
				2D0E83072BB6C39C0076B2CC /* Preview Content */,
			);
			path = "Pranayama and meditation";
			sourceTree = "<group>";
		};
		2D0E83072BB6C39C0076B2CC /* Preview Content */ = {
			isa = PBXGroup;
			children = (
				2D0E83082BB6C39C0076B2CC /* Preview Assets.xcassets */,
			);
			path = "Preview Content";
			sourceTree = "<group>";
		};
		2D3CFDD02C120AB9006C2E38 /* SvoiRitm */ = {
			isa = PBXGroup;
			children = (
				2D3CFDD42C12FA5A006C2E38 /* SvoiRitm.swift */,
				2D76C9822BD2A69000B51962 /* BreathAnimation.swift */,
				2DD47F632BD938EF00825EFE /* BreathAnimationView.swift */,
				2D81CBE92BC2ADB300471763 /* BreathingCycleSettingView.swift */,
				2D00FAFA2BDF6ABB00A7BB7E /* AlertView.swift */,
				2D81CBEB2BC582BE00471763 /* TabloPusk.swift */,
			);
			path = SvoiRitm;
			sourceTree = "<group>";
		};
		2D3CFDD12C120B14006C2E38 /* Plaier */ = {
			isa = PBXGroup;
			children = (
				2DD47F612BD91D6E00825EFE /* MetronomePlayer.swift */,
			);
			path = Plaier;
			sourceTree = "<group>";
		};
		2D3CFDD62C12FA5A006C2E38 /* VimHoff */ = {
			isa = PBXGroup;
			children = (
				2D3CFDD82C12FA5A006C2E38 /* VimHofView.swift */,
				2D9AAC1A2BE946A0005C1989 /* NastroikiVimHof.swift */,
				2DF181852BE51CE20004E929 /* AlertViewVimHof.swift */,
				2DF181812BE3D50B0004E929 /* BreathVimHof.swift */,
			);
			path = VimHoff;
			sourceTree = "<group>";
		};
		2D3CFDD72C12FA5A006C2E38 /* CvetokGlobalnieNastroiki */ = {
			isa = PBXGroup;
			children = (
				2DD47F3C2BD4F3FD00825EFE /* Petals.swift */,
				2DD47F3A2BD4F39700825EFE /* GlobalBreathSettings.swift */,
			);
			path = CvetokGlobalnieNastroiki;
			sourceTree = "<group>";
		};
		2D81CBF12BC820CC00471763 /* TabBar */ = {
			isa = PBXGroup;
			children = (
				2D0E83132BB6FF440076B2CC /* TabBarView.swift */,
				2D0E83112BB6FDF00076B2CC /* TabModel.swift */,
			);
			path = TabBar;
			sourceTree = "<group>";
		};
		2D81CBF32BC8213700471763 /* Picker */ = {
			isa = PBXGroup;
			children = (
				2D81CBE72BC2A05000471763 /* SwiftUIWheelPicker.swift */,
			);
			path = Picker;
			sourceTree = "<group>";
		};
		2D81CBF42BC8218000471763 /* View */ = {
			isa = PBXGroup;
			children = (
				2D0E83032BB6C39A0076B2CC /* ContentView.swift */,
				2D3DB3572C14443900D6D6A0 /* HomeVeiw.swift */,
				2D81CBEF2BC6D53400471763 /* WheelPickerView.swift */,
				2D81CBF72BC8FC8500471763 /* IndicatorButtonView.swift */,
				2D76C97A2BCE51B700B51962 /* ProgressBarButtonView.swift */,
				2D3CFDDA2C12FA5A006C2E38 /* History.swift */,
				2D3CFDDC2C12FA5A006C2E38 /* YogaNidra.swift */,
			);
			path = View;
			sourceTree = "<group>";
		};
		2DD47F462BD8CD9800825EFE /* Audio */ = {
			isa = PBXGroup;
			children = (
				2DD47F5F2BD91B0C00825EFE /* tick_metronome_low.mp3 */,
				2DD47F5D2BD91ACD00825EFE /* tick_metronome_high.mp3 */,
				2DD47F4D2BD8CDF900825EFE /* inhale.mp3 */,
				2DF181832BE4B9A30004E929 /* breathing-4sec.mp3 */,
				2DBD07362BFE01E20071A950 /* breathing-3sec.mp3 */,
				2D9AAC1F2BEA9459005C1989 /* breathing_1_sec (1).mp3 */,
				2DBD073A2BFE04BC0071A950 /* breathing-2sec.mp3 */,
				2DBD07382BFE03BE0071A950 /* breathing-5sec.mp3 */,
				2DD47F4B2BD8CDEA00825EFE /* hold.mp3 */,
				2DD47F492BD8CDE200825EFE /* exhale.mp3 */,
			);
			path = Audio;
			sourceTree = "<group>";
		};
/* End PBXGroup section */

/* Begin PBXNativeTarget section */
		2D0E82FD2BB6C39A0076B2CC /* Pranayama and meditation */ = {
			isa = PBXNativeTarget;
			buildConfigurationList = 2D0E830C2BB6C39C0076B2CC /* Build configuration list for PBXNativeTarget "Pranayama and meditation" */;
			buildPhases = (
				2D0E82FA2BB6C39A0076B2CC /* Sources */,
				2D0E82FB2BB6C39A0076B2CC /* Frameworks */,
				2D0E82FC2BB6C39A0076B2CC /* Resources */,
			);
			buildRules = (
			);
			dependencies = (
			);
			name = "Pranayama and meditation";
			productName = "Pranayama and meditation";
			productReference = 2D0E82FE2BB6C39A0076B2CC /* Pranayama and meditation.app */;
			productType = "com.apple.product-type.application";
		};
/* End PBXNativeTarget section */

/* Begin PBXProject section */
		2D0E82F62BB6C39A0076B2CC /* Project object */ = {
			isa = PBXProject;
			attributes = {
				BuildIndependentTargetsInParallel = 1;
				LastSwiftUpdateCheck = 1500;
				LastUpgradeCheck = 1500;
				TargetAttributes = {
					2D0E82FD2BB6C39A0076B2CC = {
						CreatedOnToolsVersion = 15.0;
					};
				};
			};
			buildConfigurationList = 2D0E82F92BB6C39A0076B2CC /* Build configuration list for PBXProject "Pranayama and meditation" */;
			compatibilityVersion = "Xcode 14.0";
			developmentRegion = en;
			hasScannedForEncodings = 0;
			knownRegions = (
				en,
				Base,
			);
			mainGroup = 2D0E82F52BB6C39A0076B2CC;
			productRefGroup = 2D0E82FF2BB6C39A0076B2CC /* Products */;
			projectDirPath = "";
			projectRoot = "";
			targets = (
				2D0E82FD2BB6C39A0076B2CC /* Pranayama and meditation */,
			);
		};
/* End PBXProject section */

/* Begin PBXResourcesBuildPhase section */
		2D0E82FC2BB6C39A0076B2CC /* Resources */ = {
			isa = PBXResourcesBuildPhase;
			buildActionMask = 2147483647;
			files = (
				2DD47F4A2BD8CDE200825EFE /* exhale.mp3 in Resources */,
				2D9AAC232BEA9459005C1989 /* breathing_1_sec (1).mp3 in Resources */,
				2DBD073B2BFE04BC0071A950 /* breathing-2sec.mp3 in Resources */,
				2DD47F4C2BD8CDEA00825EFE /* hold.mp3 in Resources */,
				2DD47F602BD91B0C00825EFE /* tick_metronome_low.mp3 in Resources */,
				2DD47F5E2BD91ACD00825EFE /* tick_metronome_high.mp3 in Resources */,
				2DBD07372BFE01E20071A950 /* breathing-3sec.mp3 in Resources */,
				2DF181842BE4B9A30004E929 /* breathing-4sec.mp3 in Resources */,
				2DD47F4E2BD8CDF900825EFE /* inhale.mp3 in Resources */,
				2D0E83092BB6C39C0076B2CC /* Preview Assets.xcassets in Resources */,
				2DBD07392BFE03BE0071A950 /* breathing-5sec.mp3 in Resources */,
				2D0E83062BB6C39C0076B2CC /* Assets.xcassets in Resources */,
			);
			runOnlyForDeploymentPostprocessing = 0;
		};
/* End PBXResourcesBuildPhase section */

/* Begin PBXSourcesBuildPhase section */
		2D0E82FA2BB6C39A0076B2CC /* Sources */ = {
			isa = PBXSourcesBuildPhase;
			buildActionMask = 2147483647;
			files = (
				2D3CFDDD2C12FA5A006C2E38 /* YogaNidra.swift in Sources */,
				2D81CBFA2BC979F300471763 /* Extension.swift in Sources */,
				2DD47F642BD938EF00825EFE /* BreathAnimationView.swift in Sources */,
				2D0E83122BB6FDF00076B2CC /* TabModel.swift in Sources */,
				2DD47F3B2BD4F39700825EFE /* GlobalBreathSettings.swift in Sources */,
				2DF181822BE3D50B0004E929 /* BreathVimHof.swift in Sources */,
				2D3DB3582C14443900D6D6A0 /* HomeVeiw.swift in Sources */,
				2D9AAC1B2BE946A0005C1989 /* NastroikiVimHof.swift in Sources */,
				2D81CBF02BC6D53400471763 /* WheelPickerView.swift in Sources */,
				2D00FAFB2BDF6ABB00A7BB7E /* AlertView.swift in Sources */,
				2D0E83042BB6C39A0076B2CC /* ContentView.swift in Sources */,
				2D81CBEA2BC2ADB300471763 /* BreathingCycleSettingView.swift in Sources */,
				2DF181862BE51CE20004E929 /* AlertViewVimHof.swift in Sources */,
				2D81CBF82BC8FC8500471763 /* IndicatorButtonView.swift in Sources */,
				2D3CFDD52C12FA5A006C2E38 /* SvoiRitm.swift in Sources */,
				2D3CFDDB2C12FA5A006C2E38 /* History.swift in Sources */,
				2D0E83142BB6FF440076B2CC /* TabBarView.swift in Sources */,
				2DD47F3D2BD4F3FD00825EFE /* Petals.swift in Sources */,
				2D81CBEC2BC582BE00471763 /* TabloPusk.swift in Sources */,
				2DD47F622BD91D6E00825EFE /* MetronomePlayer.swift in Sources */,
				2D3CFDD92C12FA5A006C2E38 /* VimHofView.swift in Sources */,
				2D76C9832BD2A69000B51962 /* BreathAnimation.swift in Sources */,
				2D76C97B2BCE51B700B51962 /* ProgressBarButtonView.swift in Sources */,
				2D0E83022BB6C39A0076B2CC /* Pranayama_and_meditationApp.swift in Sources */,
				2D81CBE82BC2A05000471763 /* SwiftUIWheelPicker.swift in Sources */,
			);
			runOnlyForDeploymentPostprocessing = 0;
		};
/* End PBXSourcesBuildPhase section */

/* Begin XCBuildConfiguration section */
		2D0E830A2BB6C39C0076B2CC /* Debug */ = {
			isa = XCBuildConfiguration;
			buildSettings = {
				ALWAYS_SEARCH_USER_PATHS = NO;
				ASSETCATALOG_COMPILER_GENERATE_SWIFT_ASSET_SYMBOL_EXTENSIONS = YES;
				CLANG_ANALYZER_NONNULL = YES;
				CLANG_ANALYZER_NUMBER_OBJECT_CONVERSION = YES_AGGRESSIVE;
				CLANG_CXX_LANGUAGE_STANDARD = "gnu++20";
				CLANG_ENABLE_MODULES = YES;
				CLANG_ENABLE_OBJC_ARC = YES;
				CLANG_ENABLE_OBJC_WEAK = YES;
				CLANG_WARN_BLOCK_CAPTURE_AUTORELEASING = YES;
				CLANG_WARN_BOOL_CONVERSION = YES;
				CLANG_WARN_COMMA = YES;
				CLANG_WARN_CONSTANT_CONVERSION = YES;
				CLANG_WARN_DEPRECATED_OBJC_IMPLEMENTATIONS = YES;
				CLANG_WARN_DIRECT_OBJC_ISA_USAGE = YES_ERROR;
				CLANG_WARN_DOCUMENTATION_COMMENTS = YES;
				CLANG_WARN_EMPTY_BODY = YES;
				CLANG_WARN_ENUM_CONVERSION = YES;
				CLANG_WARN_INFINITE_RECURSION = YES;
				CLANG_WARN_INT_CONVERSION = YES;
				CLANG_WARN_NON_LITERAL_NULL_CONVERSION = YES;
				CLANG_WARN_OBJC_IMPLICIT_RETAIN_SELF = YES;
				CLANG_WARN_OBJC_LITERAL_CONVERSION = YES;
				CLANG_WARN_OBJC_ROOT_CLASS = YES_ERROR;
				CLANG_WARN_QUOTED_INCLUDE_IN_FRAMEWORK_HEADER = YES;
				CLANG_WARN_RANGE_LOOP_ANALYSIS = YES;
				CLANG_WARN_STRICT_PROTOTYPES = YES;
				CLANG_WARN_SUSPICIOUS_MOVE = YES;
				CLANG_WARN_UNGUARDED_AVAILABILITY = YES_AGGRESSIVE;
				CLANG_WARN_UNREACHABLE_CODE = YES;
				CLANG_WARN__DUPLICATE_METHOD_MATCH = YES;
				COPY_PHASE_STRIP = NO;
				DEBUG_INFORMATION_FORMAT = dwarf;
				ENABLE_STRICT_OBJC_MSGSEND = YES;
				ENABLE_TESTABILITY = YES;
				ENABLE_USER_SCRIPT_SANDBOXING = YES;
				GCC_C_LANGUAGE_STANDARD = gnu17;
				GCC_DYNAMIC_NO_PIC = NO;
				GCC_NO_COMMON_BLOCKS = YES;
				GCC_OPTIMIZATION_LEVEL = 0;
				GCC_PREPROCESSOR_DEFINITIONS = (
					"DEBUG=1",
					"$(inherited)",
				);
				GCC_WARN_64_TO_32_BIT_CONVERSION = YES;
				GCC_WARN_ABOUT_RETURN_TYPE = YES_ERROR;
				GCC_WARN_UNDECLARED_SELECTOR = YES;
				GCC_WARN_UNINITIALIZED_AUTOS = YES_AGGRESSIVE;
				GCC_WARN_UNUSED_FUNCTION = YES;
				GCC_WARN_UNUSED_VARIABLE = YES;
				IPHONEOS_DEPLOYMENT_TARGET = 17.0;
				LOCALIZATION_PREFERS_STRING_CATALOGS = YES;
				MTL_ENABLE_DEBUG_INFO = INCLUDE_SOURCE;
				MTL_FAST_MATH = YES;
				ONLY_ACTIVE_ARCH = YES;
				SDKROOT = iphoneos;
				SWIFT_ACTIVE_COMPILATION_CONDITIONS = "DEBUG $(inherited)";
				SWIFT_OPTIMIZATION_LEVEL = "-Onone";
			};
			name = Debug;
		};
		2D0E830B2BB6C39C0076B2CC /* Release */ = {
			isa = XCBuildConfiguration;
			buildSettings = {
				ALWAYS_SEARCH_USER_PATHS = NO;
				ASSETCATALOG_COMPILER_GENERATE_SWIFT_ASSET_SYMBOL_EXTENSIONS = YES;
				CLANG_ANALYZER_NONNULL = YES;
				CLANG_ANALYZER_NUMBER_OBJECT_CONVERSION = YES_AGGRESSIVE;
				CLANG_CXX_LANGUAGE_STANDARD = "gnu++20";
				CLANG_ENABLE_MODULES = YES;
				CLANG_ENABLE_OBJC_ARC = YES;
				CLANG_ENABLE_OBJC_WEAK = YES;
				CLANG_WARN_BLOCK_CAPTURE_AUTORELEASING = YES;
				CLANG_WARN_BOOL_CONVERSION = YES;
				CLANG_WARN_COMMA = YES;
				CLANG_WARN_CONSTANT_CONVERSION = YES;
				CLANG_WARN_DEPRECATED_OBJC_IMPLEMENTATIONS = YES;
				CLANG_WARN_DIRECT_OBJC_ISA_USAGE = YES_ERROR;
				CLANG_WARN_DOCUMENTATION_COMMENTS = YES;
				CLANG_WARN_EMPTY_BODY = YES;
				CLANG_WARN_ENUM_CONVERSION = YES;
				CLANG_WARN_INFINITE_RECURSION = YES;
				CLANG_WARN_INT_CONVERSION = YES;
				CLANG_WARN_NON_LITERAL_NULL_CONVERSION = YES;
				CLANG_WARN_OBJC_IMPLICIT_RETAIN_SELF = YES;
				CLANG_WARN_OBJC_LITERAL_CONVERSION = YES;
				CLANG_WARN_OBJC_ROOT_CLASS = YES_ERROR;
				CLANG_WARN_QUOTED_INCLUDE_IN_FRAMEWORK_HEADER = YES;
				CLANG_WARN_RANGE_LOOP_ANALYSIS = YES;
				CLANG_WARN_STRICT_PROTOTYPES = YES;
				CLANG_WARN_SUSPICIOUS_MOVE = YES;
				CLANG_WARN_UNGUARDED_AVAILABILITY = YES_AGGRESSIVE;
				CLANG_WARN_UNREACHABLE_CODE = YES;
				CLANG_WARN__DUPLICATE_METHOD_MATCH = YES;
				COPY_PHASE_STRIP = NO;
				DEBUG_INFORMATION_FORMAT = "dwarf-with-dsym";
				ENABLE_NS_ASSERTIONS = NO;
				ENABLE_STRICT_OBJC_MSGSEND = YES;
				ENABLE_USER_SCRIPT_SANDBOXING = YES;
				GCC_C_LANGUAGE_STANDARD = gnu17;
				GCC_NO_COMMON_BLOCKS = YES;
				GCC_WARN_64_TO_32_BIT_CONVERSION = YES;
				GCC_WARN_ABOUT_RETURN_TYPE = YES_ERROR;
				GCC_WARN_UNDECLARED_SELECTOR = YES;
				GCC_WARN_UNINITIALIZED_AUTOS = YES_AGGRESSIVE;
				GCC_WARN_UNUSED_FUNCTION = YES;
				GCC_WARN_UNUSED_VARIABLE = YES;
				IPHONEOS_DEPLOYMENT_TARGET = 17.0;
				LOCALIZATION_PREFERS_STRING_CATALOGS = YES;
				MTL_ENABLE_DEBUG_INFO = NO;
				MTL_FAST_MATH = YES;
				SDKROOT = iphoneos;
				SWIFT_COMPILATION_MODE = wholemodule;
				VALIDATE_PRODUCT = YES;
			};
			name = Release;
		};
		2D0E830D2BB6C39C0076B2CC /* Debug */ = {
			isa = XCBuildConfiguration;
			buildSettings = {
				ASSETCATALOG_COMPILER_APPICON_NAME = AppIcon;
				ASSETCATALOG_COMPILER_GLOBAL_ACCENT_COLOR_NAME = AccentColor;
				CODE_SIGN_STYLE = Automatic;
				CURRENT_PROJECT_VERSION = 1;
				DEVELOPMENT_ASSET_PATHS = "\"Pranayama and meditation/Preview Content\"";
				DEVELOPMENT_TEAM = 3565RSK98U;
				ENABLE_PREVIEWS = YES;
				GENERATE_INFOPLIST_FILE = YES;
				INFOPLIST_KEY_CFBundleDisplayName = "Pranoyama and meditatio";
				INFOPLIST_KEY_LSApplicationCategoryType = "public.app-category.healthcare-fitness";
				INFOPLIST_KEY_UIApplicationSceneManifest_Generation = YES;
				INFOPLIST_KEY_UIApplicationSupportsIndirectInputEvents = YES;
				INFOPLIST_KEY_UILaunchScreen_Generation = YES;
				INFOPLIST_KEY_UISupportedInterfaceOrientations = UIInterfaceOrientationPortrait;
				INFOPLIST_KEY_UISupportedInterfaceOrientations_iPad = "UIInterfaceOrientationLandscapeLeft UIInterfaceOrientationLandscapeRight UIInterfaceOrientationPortrait UIInterfaceOrientationPortraitUpsideDown";
				IPHONEOS_DEPLOYMENT_TARGET = 18.0;
				LD_RUNPATH_SEARCH_PATHS = (
					"$(inherited)",
					"@executable_path/Frameworks",
				);
				MARKETING_VERSION = 1.0;
				PRODUCT_BUNDLE_IDENTIFIER = "Shiva.Pranayama-and-meditation";
				PRODUCT_NAME = "$(TARGET_NAME)";
				SUPPORTED_PLATFORMS = "iphoneos iphonesimulator";
				SUPPORTS_MACCATALYST = NO;
				SUPPORTS_MAC_DESIGNED_FOR_IPHONE_IPAD = NO;
				SUPPORTS_XR_DESIGNED_FOR_IPHONE_IPAD = NO;
				SWIFT_EMIT_LOC_STRINGS = YES;
				SWIFT_VERSION = 5.0;
				TARGETED_DEVICE_FAMILY = 1;
			};
			name = Debug;
		};
		2D0E830E2BB6C39C0076B2CC /* Release */ = {
			isa = XCBuildConfiguration;
			buildSettings = {
				ASSETCATALOG_COMPILER_APPICON_NAME = AppIcon;
				ASSETCATALOG_COMPILER_GLOBAL_ACCENT_COLOR_NAME = AccentColor;
				CODE_SIGN_STYLE = Automatic;
				CURRENT_PROJECT_VERSION = 1;
				DEVELOPMENT_ASSET_PATHS = "\"Pranayama and meditation/Preview Content\"";
				DEVELOPMENT_TEAM = 3565RSK98U;
				ENABLE_PREVIEWS = YES;
				GENERATE_INFOPLIST_FILE = YES;
				INFOPLIST_KEY_CFBundleDisplayName = "Pranoyama and meditatio";
				INFOPLIST_KEY_LSApplicationCategoryType = "public.app-category.healthcare-fitness";
				INFOPLIST_KEY_UIApplicationSceneManifest_Generation = YES;
				INFOPLIST_KEY_UIApplicationSupportsIndirectInputEvents = YES;
				INFOPLIST_KEY_UILaunchScreen_Generation = YES;
				INFOPLIST_KEY_UISupportedInterfaceOrientations = UIInterfaceOrientationPortrait;
				INFOPLIST_KEY_UISupportedInterfaceOrientations_iPad = "UIInterfaceOrientationLandscapeLeft UIInterfaceOrientationLandscapeRight UIInterfaceOrientationPortrait UIInterfaceOrientationPortraitUpsideDown";
				IPHONEOS_DEPLOYMENT_TARGET = 18.0;
				LD_RUNPATH_SEARCH_PATHS = (
					"$(inherited)",
					"@executable_path/Frameworks",
				);
				MARKETING_VERSION = 1.0;
				PRODUCT_BUNDLE_IDENTIFIER = "Shiva.Pranayama-and-meditation";
				PRODUCT_NAME = "$(TARGET_NAME)";
				SUPPORTED_PLATFORMS = "iphoneos iphonesimulator";
				SUPPORTS_MACCATALYST = NO;
				SUPPORTS_MAC_DESIGNED_FOR_IPHONE_IPAD = NO;
				SUPPORTS_XR_DESIGNED_FOR_IPHONE_IPAD = NO;
				SWIFT_EMIT_LOC_STRINGS = YES;
				SWIFT_VERSION = 5.0;
				TARGETED_DEVICE_FAMILY = 1;
			};
			name = Release;
		};
/* End XCBuildConfiguration section */

/* Begin XCConfigurationList section */
		2D0E82F92BB6C39A0076B2CC /* Build configuration list for PBXProject "Pranayama and meditation" */ = {
			isa = XCConfigurationList;
			buildConfigurations = (
				2D0E830A2BB6C39C0076B2CC /* Debug */,
				2D0E830B2BB6C39C0076B2CC /* Release */,
			);
			defaultConfigurationIsVisible = 0;
			defaultConfigurationName = Release;
		};
		2D0E830C2BB6C39C0076B2CC /* Build configuration list for PBXNativeTarget "Pranayama and meditation" */ = {
			isa = XCConfigurationList;
			buildConfigurations = (
				2D0E830D2BB6C39C0076B2CC /* Debug */,
				2D0E830E2BB6C39C0076B2CC /* Release */,
			);
			defaultConfigurationIsVisible = 0;
			defaultConfigurationName = Release;
		};
/* End XCConfigurationList section */
	};
	rootObject = 2D0E82F62BB6C39A0076B2CC /* Project object */;
}
